// !$*UTF8*$!
{
	archiveVersion = 1;
	classes = {
	};
	objectVersion = 46;
	objects = {

/* Begin PBXBuildFile section */
		FD1C3AD61E485CB5008FC511 /* main.m in Sources */ = {isa = PBXBuildFile; fileRef = FD1C3AD51E485CB5008FC511 /* main.m */; };
		FD1C3AD91E485CB5008FC511 /* AppDelegate.m in Sources */ = {isa = PBXBuildFile; fileRef = FD1C3AD81E485CB5008FC511 /* AppDelegate.m */; };
		FD1C3AE11E485CB5008FC511 /* Assets.xcassets in Resources */ = {isa = PBXBuildFile; fileRef = FD1C3AE01E485CB5008FC511 /* Assets.xcassets */; };
		FD1C3AEC1E485CCF008FC511 /* Launch Screen.storyboard in Resources */ = {isa = PBXBuildFile; fileRef = FD1C3AEB1E485CCF008FC511 /* Launch Screen.storyboard */; };
		FD1C3AEF1E485CFB008FC511 /* ViewController.m in Sources */ = {isa = PBXBuildFile; fileRef = FD1C3AEE1E485CFB008FC511 /* ViewController.m */; };
		FD1C3AF61E485F44008FC511 /* PasswordViewSuper.m in Sources */ = {isa = PBXBuildFile; fileRef = FD1C3AF51E485F44008FC511 /* PasswordViewSuper.m */; };
		FD1C3AF91E4862D7008FC511 /* WHPayPasswordView.m in Sources */ = {isa = PBXBuildFile; fileRef = FD1C3AF81E4862D7008FC511 /* WHPayPasswordView.m */; };
/* End PBXBuildFile section */

/* Begin PBXFileReference section */
		FD1C3AD11E485CB5008FC511 /* PasswordView.app */ = {isa = PBXFileReference; explicitFileType = wrapper.application; includeInIndex = 0; path = PasswordView.app; sourceTree = BUILT_PRODUCTS_DIR; };
		FD1C3AD51E485CB5008FC511 /* main.m */ = {isa = PBXFileReference; lastKnownFileType = sourcecode.c.objc; path = main.m; sourceTree = "<group>"; };
		FD1C3AD71E485CB5008FC511 /* AppDelegate.h */ = {isa = PBXFileReference; lastKnownFileType = sourcecode.c.h; path = AppDelegate.h; sourceTree = "<group>"; };
		FD1C3AD81E485CB5008FC511 /* AppDelegate.m */ = {isa = PBXFileReference; lastKnownFileType = sourcecode.c.objc; path = AppDelegate.m; sourceTree = "<group>"; };
		FD1C3AE01E485CB5008FC511 /* Assets.xcassets */ = {isa = PBXFileReference; lastKnownFileType = folder.assetcatalog; path = Assets.xcassets; sourceTree = "<group>"; };
		FD1C3AE51E485CB5008FC511 /* Info.plist */ = {isa = PBXFileReference; lastKnownFileType = text.plist.xml; path = Info.plist; sourceTree = "<group>"; };
		FD1C3AEB1E485CCF008FC511 /* Launch Screen.storyboard */ = {isa = PBXFileReference; fileEncoding = 4; lastKnownFileType = file.storyboard; path = "Launch Screen.storyboard"; sourceTree = "<group>"; };
		FD1C3AED1E485CFB008FC511 /* ViewController.h */ = {isa = PBXFileReference; fileEncoding = 4; lastKnownFileType = sourcecode.c.h; path = ViewController.h; sourceTree = "<group>"; };
		FD1C3AEE1E485CFB008FC511 /* ViewController.m */ = {isa = PBXFileReference; fileEncoding = 4; lastKnownFileType = sourcecode.c.objc; path = ViewController.m; sourceTree = "<group>"; };
		FD1C3AF41E485F44008FC511 /* PasswordViewSuper.h */ = {isa = PBXFileReference; fileEncoding = 4; lastKnownFileType = sourcecode.c.h; path = PasswordViewSuper.h; sourceTree = "<group>"; };
		FD1C3AF51E485F44008FC511 /* PasswordViewSuper.m */ = {isa = PBXFileReference; fileEncoding = 4; lastKnownFileType = sourcecode.c.objc; path = PasswordViewSuper.m; sourceTree = "<group>"; };
		FD1C3AF71E4862D7008FC511 /* WHPayPasswordView.h */ = {isa = PBXFileReference; fileEncoding = 4; lastKnownFileType = sourcecode.c.h; path = WHPayPasswordView.h; sourceTree = "<group>"; };
		FD1C3AF81E4862D7008FC511 /* WHPayPasswordView.m */ = {isa = PBXFileReference; fileEncoding = 4; lastKnownFileType = sourcecode.c.objc; path = WHPayPasswordView.m; sourceTree = "<group>"; };
/* End PBXFileReference section */

/* Begin PBXFrameworksBuildPhase section */
		FD1C3ACE1E485CB5008FC511 /* Frameworks */ = {
			isa = PBXFrameworksBuildPhase;
			buildActionMask = 2147483647;
			files = (
			);
			runOnlyForDeploymentPostprocessing = 0;
		};
/* End PBXFrameworksBuildPhase section */

/* Begin PBXGroup section */
		FD1C3AC81E485CB5008FC511 = {
			isa = PBXGroup;
			children = (
				FD1C3AD31E485CB5008FC511 /* PasswordView */,
				FD1C3AD21E485CB5008FC511 /* Products */,
			);
			sourceTree = "<group>";
		};
		FD1C3AD21E485CB5008FC511 /* Products */ = {
			isa = PBXGroup;
			children = (
				FD1C3AD11E485CB5008FC511 /* PasswordView.app */,
			);
			name = Products;
			sourceTree = "<group>";
		};
		FD1C3AD31E485CB5008FC511 /* PasswordView */ = {
			isa = PBXGroup;
			children = (
				FD1C3AD71E485CB5008FC511 /* AppDelegate.h */,
				FD1C3AD81E485CB5008FC511 /* AppDelegate.m */,
				FD1C3AF01E485EED008FC511 /* Classes */,
				FD1C3AED1E485CFB008FC511 /* ViewController.h */,
				FD1C3AEE1E485CFB008FC511 /* ViewController.m */,
				FD1C3AE01E485CB5008FC511 /* Assets.xcassets */,
				FD1C3AEB1E485CCF008FC511 /* Launch Screen.storyboard */,
				FD1C3AE51E485CB5008FC511 /* Info.plist */,
				FD1C3AD41E485CB5008FC511 /* Supporting Files */,
			);
			path = PasswordView;
			sourceTree = "<group>";
		};
		FD1C3AD41E485CB5008FC511 /* Supporting Files */ = {
			isa = PBXGroup;
			children = (
				FD1C3AD51E485CB5008FC511 /* main.m */,
			);
			name = "Supporting Files";
			sourceTree = "<group>";
		};
		FD1C3AF01E485EED008FC511 /* Classes */ = {
			isa = PBXGroup;
			children = (
				FD1C3AF41E485F44008FC511 /* PasswordViewSuper.h */,
				FD1C3AF51E485F44008FC511 /* PasswordViewSuper.m */,
				FD1C3AF71E4862D7008FC511 /* WHPayPasswordView.h */,
				FD1C3AF81E4862D7008FC511 /* WHPayPasswordView.m */,
			);
			path = Classes;
			sourceTree = "<group>";
		};
/* End PBXGroup section */

/* Begin PBXNativeTarget section */
		FD1C3AD01E485CB5008FC511 /* PasswordView */ = {
			isa = PBXNativeTarget;
			buildConfigurationList = FD1C3AE81E485CB5008FC511 /* Build configuration list for PBXNativeTarget "PasswordView" */;
			buildPhases = (
				FD1C3ACD1E485CB5008FC511 /* Sources */,
				FD1C3ACE1E485CB5008FC511 /* Frameworks */,
				FD1C3ACF1E485CB5008FC511 /* Resources */,
			);
			buildRules = (
			);
			dependencies = (
			);
			name = PasswordView;
			productName = PasswordView;
			productReference = FD1C3AD11E485CB5008FC511 /* PasswordView.app */;
			productType = "com.apple.product-type.application";
		};
/* End PBXNativeTarget section */

/* Begin PBXProject section */
		FD1C3AC91E485CB5008FC511 /* Project object */ = {
			isa = PBXProject;
			attributes = {
				LastUpgradeCheck = 0730;
				ORGANIZATIONNAME = "lei wenhao";
				TargetAttributes = {
					FD1C3AD01E485CB5008FC511 = {
						CreatedOnToolsVersion = 7.3.1;
					};
				};
			};
			buildConfigurationList = FD1C3ACC1E485CB5008FC511 /* Build configuration list for PBXProject "PasswordView" */;
			compatibilityVersion = "Xcode 3.2";
			developmentRegion = English;
			hasScannedForEncodings = 0;
			knownRegions = (
				en,
				Base,
			);
			mainGroup = FD1C3AC81E485CB5008FC511;
			productRefGroup = FD1C3AD21E485CB5008FC511 /* Products */;
			projectDirPath = "";
			projectRoot = "";
			targets = (
				FD1C3AD01E485CB5008FC511 /* PasswordView */,
			);
		};
/* End PBXProject section */

/* Begin PBXResourcesBuildPhase section */
		FD1C3ACF1E485CB5008FC511 /* Resources */ = {
			isa = PBXResourcesBuildPhase;
			buildActionMask = 2147483647;
			files = (
				FD1C3AEC1E485CCF008FC511 /* Launch Screen.storyboard in Resources */,
				FD1C3AE11E485CB5008FC511 /* Assets.xcassets in Resources */,
			);
			runOnlyForDeploymentPostprocessing = 0;
		};
/* End PBXResourcesBuildPhase section */

/* Begin PBXSourcesBuildPhase section */
		FD1C3ACD1E485CB5008FC511 /* Sources */ = {
			isa = PBXSourcesBuildPhase;
			buildActionMask = 2147483647;
			files = (
				FD1C3AF61E485F44008FC511 /* PasswordViewSuper.m in Sources */,
				FD1C3AEF1E485CFB008FC511 /* ViewController.m in Sources */,
				FD1C3AD91E485CB5008FC511 /* AppDelegate.m in Sources */,
				FD1C3AD61E485CB5008FC511 /* main.m in Sources */,
				FD1C3AF91E4862D7008FC511 /* WHPayPasswordView.m in Sources */,
			);
			runOnlyForDeploymentPostprocessing = 0;
		};
/* End PBXSourcesBuildPhase section */

/* Begin XCBuildConfiguration section */
		FD1C3AE61E485CB5008FC511 /* Debug */ = {
			isa = XCBuildConfiguration;
			buildSettings = {
				ALWAYS_SEARCH_USER_PATHS = NO;
				CLANG_ANALYZER_NONNULL = YES;
				CLANG_CXX_LANGUAGE_STANDARD = "gnu++0x";
				CLANG_CXX_LIBRARY = "libc++";
				CLANG_ENABLE_MODULES = YES;
				CLANG_ENABLE_OBJC_ARC = YES;
				CLANG_WARN_BOOL_CONVERSION = YES;
				CLANG_WARN_CONSTANT_CONVERSION = YES;
				CLANG_WARN_DIRECT_OBJC_ISA_USAGE = YES_ERROR;
				CLANG_WARN_EMPTY_BODY = YES;
				CLANG_WARN_ENUM_CONVERSION = YES;
				CLANG_WARN_INT_CONVERSION = YES;
				CLANG_WARN_OBJC_ROOT_CLASS = YES_ERROR;
				CLANG_WARN_UNREACHABLE_CODE = YES;
				CLANG_WARN__DUPLICATE_METHOD_MATCH = YES;
				"CODE_SIGN_IDENTITY[sdk=iphoneos*]" = "iPhone Developer";
				COPY_PHASE_STRIP = NO;
				DEBUG_INFORMATION_FORMAT = dwarf;
				ENABLE_STRICT_OBJC_MSGSEND = YES;
				ENABLE_TESTABILITY = YES;
				GCC_C_LANGUAGE_STANDARD = gnu99;
				GCC_DYNAMIC_NO_PIC = NO;
				GCC_NO_COMMON_BLOCKS = YES;
				GCC_OPTIMIZATION_LEVEL = 0;
				GCC_PREPROCESSOR_DEFINITIONS = (
					"DEBUG=1",
					"$(inherited)",
				);
				GCC_WARN_64_TO_32_BIT_CONVERSION = YES;
				GCC_WARN_ABOUT_RETURN_TYPE = YES_ERROR;
				GCC_WARN_UNDECLARED_SELECTOR = YES;
				GCC_WARN_UNINITIALIZED_AUTOS = YES_AGGRESSIVE;
				GCC_WARN_UNUSED_FUNCTION = YES;
				GCC_WARN_UNUSED_VARIABLE = YES;
				IPHONEOS_DEPLOYMENT_TARGET = 9.3;
				MTL_ENABLE_DEBUG_INFO = YES;
				ONLY_ACTIVE_ARCH = YES;
				SDKROOT = iphoneos;
			};
			name = Debug;
		};
		FD1C3AE71E485CB5008FC511 /* Release */ = {
			isa = XCBuildConfiguration;
			buildSettings = {
				ALWAYS_SEARCH_USER_PATHS = NO;
				CLANG_ANALYZER_NONNULL = YES;
				CLANG_CXX_LANGUAGE_STANDARD = "gnu++0x";
				CLANG_CXX_LIBRARY = "libc++";
				CLANG_ENABLE_MODULES = YES;
				CLANG_ENABLE_OBJC_ARC = YES;
				CLANG_WARN_BOOL_CONVERSION = YES;
				CLANG_WARN_CONSTANT_CONVERSION = YES;
				CLANG_WARN_DIRECT_OBJC_ISA_USAGE = YES_ERROR;
				CLANG_WARN_EMPTY_BODY = YES;
				CLANG_WARN_ENUM_CONVERSION = YES;
				CLANG_WARN_INT_CONVERSION = YES;
				CLANG_WARN_OBJC_ROOT_CLASS = YES_ERROR;
				CLANG_WARN_UNREACHABLE_CODE = YES;
				CLANG_WARN__DUPLICATE_METHOD_MATCH = YES;
				"CODE_SIGN_IDENTITY[sdk=iphoneos*]" = "iPhone Developer";
				COPY_PHASE_STRIP = NO;
				DEBUG_INFORMATION_FORMAT = "dwarf-with-dsym";
				ENABLE_NS_ASSERTIONS = NO;
				ENABLE_STRICT_OBJC_MSGSEND = YES;
				GCC_C_LANGUAGE_STANDARD = gnu99;
				GCC_NO_COMMON_BLOCKS = YES;
				GCC_WARN_64_TO_32_BIT_CONVERSION = YES;
				GCC_WARN_ABOUT_RETURN_TYPE = YES_ERROR;
				GCC_WARN_UNDECLARED_SELECTOR = YES;
				GCC_WARN_UNINITIALIZED_AUTOS = YES_AGGRESSIVE;
				GCC_WARN_UNUSED_FUNCTION = YES;
				GCC_WARN_UNUSED_VARIABLE = YES;
				IPHONEOS_DEPLOYMENT_TARGET = 9.3;
				MTL_ENABLE_DEBUG_INFO = NO;
				SDKROOT = iphoneos;
				VALIDATE_PRODUCT = YES;
			};
			name = Release;
		};
		FD1C3AE91E485CB5008FC511 /* Debug */ = {
			isa = XCBuildConfiguration;
			buildSettings = {
				ASSETCATALOG_COMPILER_APPICON_NAME = AppIcon;
				INFOPLIST_FILE = PasswordView/Info.plist;
				LD_RUNPATH_SEARCH_PATHS = "$(inherited) @executable_path/Frameworks";
				PRODUCT_BUNDLE_IDENTIFIER = com.personal.PasswordView;
				PRODUCT_NAME = "$(TARGET_NAME)";
			};
			name = Debug;
		};
		FD1C3AEA1E485CB5008FC511 /* Release */ = {
			isa = XCBuildConfiguration;
			buildSettings = {
				ASSETCATALOG_COMPILER_APPICON_NAME = AppIcon;
				INFOPLIST_FILE = PasswordView/Info.plist;
				LD_RUNPATH_SEARCH_PATHS = "$(inherited) @executable_path/Frameworks";
				PRODUCT_BUNDLE_IDENTIFIER = com.personal.PasswordView;
				PRODUCT_NAME = "$(TARGET_NAME)";
			};
			name = Release;
		};
/* End XCBuildConfiguration section */

/* Begin XCConfigurationList section */
		FD1C3ACC1E485CB5008FC511 /* Build configuration list for PBXProject "PasswordView" */ = {
			isa = XCConfigurationList;
			buildConfigurations = (
				FD1C3AE61E485CB5008FC511 /* Debug */,
				FD1C3AE71E485CB5008FC511 /* Release */,
			);
			defaultConfigurationIsVisible = 0;
			defaultConfigurationName = Release;
		};
		FD1C3AE81E485CB5008FC511 /* Build configuration list for PBXNativeTarget "PasswordView" */ = {
			isa = XCConfigurationList;
			buildConfigurations = (
				FD1C3AE91E485CB5008FC511 /* Debug */,
				FD1C3AEA1E485CB5008FC511 /* Release */,
			);
			defaultConfigurationIsVisible = 0;
		};
/* End XCConfigurationList section */
	};
	rootObject = FD1C3AC91E485CB5008FC511 /* Project object */;
}
