// !$*UTF8*$!
{
	archiveVersion = 1;
	classes = {
	};
	objectVersion = 46;
	objects = {

/* Begin PBXBuildFile section */
		FD1785171E445F3200540308 /* Launch Screen.storyboard in Resources */ = {isa = PBXBuildFile; fileRef = FD1785161E445F3200540308 /* Launch Screen.storyboard */; };
		FDA8E2611E30BC3D009224F3 /* main.m in Sources */ = {isa = PBXBuildFile; fileRef = FDA8E2601E30BC3D009224F3 /* main.m */; };
		FDA8E2641E30BC3D009224F3 /* AppDelegate.m in Sources */ = {isa = PBXBuildFile; fileRef = FDA8E2631E30BC3D009224F3 /* AppDelegate.m */; };
		FDA8E2671E30BC3D009224F3 /* ViewController.m in Sources */ = {isa = PBXBuildFile; fileRef = FDA8E2661E30BC3D009224F3 /* ViewController.m */; };
		FDA8E26C1E30BC3D009224F3 /* Assets.xcassets in Resources */ = {isa = PBXBuildFile; fileRef = FDA8E26B1E30BC3D009224F3 /* Assets.xcassets */; };
		FDA8E2781E30BC65009224F3 /* WHPayPasswordView.m in Sources */ = {isa = PBXBuildFile; fileRef = FDA8E2771E30BC65009224F3 /* WHPayPasswordView.m */; };
/* End PBXBuildFile section */

/* Begin PBXFileReference section */
		FD1785161E445F3200540308 /* Launch Screen.storyboard */ = {isa = PBXFileReference; fileEncoding = 4; lastKnownFileType = file.storyboard; path = "Launch Screen.storyboard"; sourceTree = "<group>"; };
		FDA8E25C1E30BC3D009224F3 /* PayPassword.app */ = {isa = PBXFileReference; explicitFileType = wrapper.application; includeInIndex = 0; path = PayPassword.app; sourceTree = BUILT_PRODUCTS_DIR; };
		FDA8E2601E30BC3D009224F3 /* main.m */ = {isa = PBXFileReference; lastKnownFileType = sourcecode.c.objc; path = main.m; sourceTree = "<group>"; };
		FDA8E2621E30BC3D009224F3 /* AppDelegate.h */ = {isa = PBXFileReference; lastKnownFileType = sourcecode.c.h; path = AppDelegate.h; sourceTree = "<group>"; };
		FDA8E2631E30BC3D009224F3 /* AppDelegate.m */ = {isa = PBXFileReference; lastKnownFileType = sourcecode.c.objc; path = AppDelegate.m; sourceTree = "<group>"; };
		FDA8E2651E30BC3D009224F3 /* ViewController.h */ = {isa = PBXFileReference; lastKnownFileType = sourcecode.c.h; path = ViewController.h; sourceTree = "<group>"; };
		FDA8E2661E30BC3D009224F3 /* ViewController.m */ = {isa = PBXFileReference; lastKnownFileType = sourcecode.c.objc; path = ViewController.m; sourceTree = "<group>"; };
		FDA8E26B1E30BC3D009224F3 /* Assets.xcassets */ = {isa = PBXFileReference; lastKnownFileType = folder.assetcatalog; path = Assets.xcassets; sourceTree = "<group>"; };
		FDA8E2701E30BC3D009224F3 /* Info.plist */ = {isa = PBXFileReference; lastKnownFileType = text.plist.xml; path = Info.plist; sourceTree = "<group>"; };
		FDA8E2761E30BC65009224F3 /* WHPayPasswordView.h */ = {isa = PBXFileReference; fileEncoding = 4; lastKnownFileType = sourcecode.c.h; path = WHPayPasswordView.h; sourceTree = "<group>"; };
		FDA8E2771E30BC65009224F3 /* WHPayPasswordView.m */ = {isa = PBXFileReference; fileEncoding = 4; lastKnownFileType = sourcecode.c.objc; path = WHPayPasswordView.m; sourceTree = "<group>"; };
/* End PBXFileReference section */

/* Begin PBXFrameworksBuildPhase section */
		FDA8E2591E30BC3D009224F3 /* Frameworks */ = {
			isa = PBXFrameworksBuildPhase;
			buildActionMask = 2147483647;
			files = (
			);
			runOnlyForDeploymentPostprocessing = 0;
		};
/* End PBXFrameworksBuildPhase section */

/* Begin PBXGroup section */
		FDA8E2531E30BC3D009224F3 = {
			isa = PBXGroup;
			children = (
				FDA8E25E1E30BC3D009224F3 /* PayPassword */,
				FDA8E25D1E30BC3D009224F3 /* Products */,
			);
			sourceTree = "<group>";
		};
		FDA8E25D1E30BC3D009224F3 /* Products */ = {
			isa = PBXGroup;
			children = (
				FDA8E25C1E30BC3D009224F3 /* PayPassword.app */,
			);
			name = Products;
			sourceTree = "<group>";
		};
		FDA8E25E1E30BC3D009224F3 /* PayPassword */ = {
			isa = PBXGroup;
			children = (
				FDA8E2621E30BC3D009224F3 /* AppDelegate.h */,
				FDA8E2631E30BC3D009224F3 /* AppDelegate.m */,
				FDA8E2761E30BC65009224F3 /* WHPayPasswordView.h */,
				FDA8E2771E30BC65009224F3 /* WHPayPasswordView.m */,
				FDA8E2651E30BC3D009224F3 /* ViewController.h */,
				FDA8E2661E30BC3D009224F3 /* ViewController.m */,
				FDA8E26B1E30BC3D009224F3 /* Assets.xcassets */,
				FDA8E2701E30BC3D009224F3 /* Info.plist */,
				FD1785161E445F3200540308 /* Launch Screen.storyboard */,
				FDA8E25F1E30BC3D009224F3 /* Supporting Files */,
			);
			path = PayPassword;
			sourceTree = "<group>";
		};
		FDA8E25F1E30BC3D009224F3 /* Supporting Files */ = {
			isa = PBXGroup;
			children = (
				FDA8E2601E30BC3D009224F3 /* main.m */,
			);
			name = "Supporting Files";
			sourceTree = "<group>";
		};
/* End PBXGroup section */

/* Begin PBXNativeTarget section */
		FDA8E25B1E30BC3D009224F3 /* PayPassword */ = {
			isa = PBXNativeTarget;
			buildConfigurationList = FDA8E2731E30BC3D009224F3 /* Build configuration list for PBXNativeTarget "PayPassword" */;
			buildPhases = (
				FDA8E2581E30BC3D009224F3 /* Sources */,
				FDA8E2591E30BC3D009224F3 /* Frameworks */,
				FDA8E25A1E30BC3D009224F3 /* Resources */,
			);
			buildRules = (
			);
			dependencies = (
			);
			name = PayPassword;
			productName = PayPassword;
			productReference = FDA8E25C1E30BC3D009224F3 /* PayPassword.app */;
			productType = "com.apple.product-type.application";
		};
/* End PBXNativeTarget section */

/* Begin PBXProject section */
		FDA8E2541E30BC3D009224F3 /* Project object */ = {
			isa = PBXProject;
			attributes = {
				LastUpgradeCheck = 0730;
				ORGANIZATIONNAME = "lei wenhao";
				TargetAttributes = {
					FDA8E25B1E30BC3D009224F3 = {
						CreatedOnToolsVersion = 7.3.1;
					};
				};
			};
			buildConfigurationList = FDA8E2571E30BC3D009224F3 /* Build configuration list for PBXProject "PayPassword" */;
			compatibilityVersion = "Xcode 3.2";
			developmentRegion = English;
			hasScannedForEncodings = 0;
			knownRegions = (
				en,
				Base,
			);
			mainGroup = FDA8E2531E30BC3D009224F3;
			productRefGroup = FDA8E25D1E30BC3D009224F3 /* Products */;
			projectDirPath = "";
			projectRoot = "";
			targets = (
				FDA8E25B1E30BC3D009224F3 /* PayPassword */,
			);
		};
/* End PBXProject section */

/* Begin PBXResourcesBuildPhase section */
		FDA8E25A1E30BC3D009224F3 /* Resources */ = {
			isa = PBXResourcesBuildPhase;
			buildActionMask = 2147483647;
			files = (
				FD1785171E445F3200540308 /* Launch Screen.storyboard in Resources */,
				FDA8E26C1E30BC3D009224F3 /* Assets.xcassets in Resources */,
			);
			runOnlyForDeploymentPostprocessing = 0;
		};
/* End PBXResourcesBuildPhase section */

/* Begin PBXSourcesBuildPhase section */
		FDA8E2581E30BC3D009224F3 /* Sources */ = {
			isa = PBXSourcesBuildPhase;
			buildActionMask = 2147483647;
			files = (
				FDA8E2671E30BC3D009224F3 /* ViewController.m in Sources */,
				FDA8E2781E30BC65009224F3 /* WHPayPasswordView.m in Sources */,
				FDA8E2641E30BC3D009224F3 /* AppDelegate.m in Sources */,
				FDA8E2611E30BC3D009224F3 /* main.m in Sources */,
			);
			runOnlyForDeploymentPostprocessing = 0;
		};
/* End PBXSourcesBuildPhase section */

/* Begin XCBuildConfiguration section */
		FDA8E2711E30BC3D009224F3 /* Debug */ = {
			isa = XCBuildConfiguration;
			buildSettings = {
				ALWAYS_SEARCH_USER_PATHS = NO;
				CLANG_ANALYZER_NONNULL = YES;
				CLANG_CXX_LANGUAGE_STANDARD = "gnu++0x";
				CLANG_CXX_LIBRARY = "libc++";
				CLANG_ENABLE_MODULES = YES;
				CLANG_ENABLE_OBJC_ARC = YES;
				CLANG_WARN_BOOL_CONVERSION = YES;
				CLANG_WARN_CONSTANT_CONVERSION = YES;
				CLANG_WARN_DIRECT_OBJC_ISA_USAGE = YES_ERROR;
				CLANG_WARN_EMPTY_BODY = YES;
				CLANG_WARN_ENUM_CONVERSION = YES;
				CLANG_WARN_INT_CONVERSION = YES;
				CLANG_WARN_OBJC_ROOT_CLASS = YES_ERROR;
				CLANG_WARN_UNREACHABLE_CODE = YES;
				CLANG_WARN__DUPLICATE_METHOD_MATCH = YES;
				"CODE_SIGN_IDENTITY[sdk=iphoneos*]" = "iPhone Developer";
				COPY_PHASE_STRIP = NO;
				DEBUG_INFORMATION_FORMAT = dwarf;
				ENABLE_STRICT_OBJC_MSGSEND = YES;
				ENABLE_TESTABILITY = YES;
				GCC_C_LANGUAGE_STANDARD = gnu99;
				GCC_DYNAMIC_NO_PIC = NO;
				GCC_NO_COMMON_BLOCKS = YES;
				GCC_OPTIMIZATION_LEVEL = 0;
				GCC_PREPROCESSOR_DEFINITIONS = (
					"DEBUG=1",
					"$(inherited)",
				);
				GCC_WARN_64_TO_32_BIT_CONVERSION = YES;
				GCC_WARN_ABOUT_RETURN_TYPE = YES_ERROR;
				GCC_WARN_UNDECLARED_SELECTOR = YES;
				GCC_WARN_UNINITIALIZED_AUTOS = YES_AGGRESSIVE;
				GCC_WARN_UNUSED_FUNCTION = YES;
				GCC_WARN_UNUSED_VARIABLE = YES;
				IPHONEOS_DEPLOYMENT_TARGET = 9.3;
				MTL_ENABLE_DEBUG_INFO = YES;
				ONLY_ACTIVE_ARCH = YES;
				SDKROOT = iphoneos;
			};
			name = Debug;
		};
		FDA8E2721E30BC3D009224F3 /* Release */ = {
			isa = XCBuildConfiguration;
			buildSettings = {
				ALWAYS_SEARCH_USER_PATHS = NO;
				CLANG_ANALYZER_NONNULL = YES;
				CLANG_CXX_LANGUAGE_STANDARD = "gnu++0x";
				CLANG_CXX_LIBRARY = "libc++";
				CLANG_ENABLE_MODULES = YES;
				CLANG_ENABLE_OBJC_ARC = YES;
				CLANG_WARN_BOOL_CONVERSION = YES;
				CLANG_WARN_CONSTANT_CONVERSION = YES;
				CLANG_WARN_DIRECT_OBJC_ISA_USAGE = YES_ERROR;
				CLANG_WARN_EMPTY_BODY = YES;
				CLANG_WARN_ENUM_CONVERSION = YES;
				CLANG_WARN_INT_CONVERSION = YES;
				CLANG_WARN_OBJC_ROOT_CLASS = YES_ERROR;
				CLANG_WARN_UNREACHABLE_CODE = YES;
				CLANG_WARN__DUPLICATE_METHOD_MATCH = YES;
				"CODE_SIGN_IDENTITY[sdk=iphoneos*]" = "iPhone Developer";
				COPY_PHASE_STRIP = NO;
				DEBUG_INFORMATION_FORMAT = "dwarf-with-dsym";
				ENABLE_NS_ASSERTIONS = NO;
				ENABLE_STRICT_OBJC_MSGSEND = YES;
				GCC_C_LANGUAGE_STANDARD = gnu99;
				GCC_NO_COMMON_BLOCKS = YES;
				GCC_WARN_64_TO_32_BIT_CONVERSION = YES;
				GCC_WARN_ABOUT_RETURN_TYPE = YES_ERROR;
				GCC_WARN_UNDECLARED_SELECTOR = YES;
				GCC_WARN_UNINITIALIZED_AUTOS = YES_AGGRESSIVE;
				GCC_WARN_UNUSED_FUNCTION = YES;
				GCC_WARN_UNUSED_VARIABLE = YES;
				IPHONEOS_DEPLOYMENT_TARGET = 9.3;
				MTL_ENABLE_DEBUG_INFO = NO;
				SDKROOT = iphoneos;
				VALIDATE_PRODUCT = YES;
			};
			name = Release;
		};
		FDA8E2741E30BC3D009224F3 /* Debug */ = {
			isa = XCBuildConfiguration;
			buildSettings = {
				ASSETCATALOG_COMPILER_APPICON_NAME = AppIcon;
				INFOPLIST_FILE = PayPassword/Info.plist;
				LD_RUNPATH_SEARCH_PATHS = "$(inherited) @executable_path/Frameworks";
				PRODUCT_BUNDLE_IDENTIFIER = com.aiyakeji.PayPassword;
				PRODUCT_NAME = "$(TARGET_NAME)";
			};
			name = Debug;
		};
		FDA8E2751E30BC3D009224F3 /* Release */ = {
			isa = XCBuildConfiguration;
			buildSettings = {
				ASSETCATALOG_COMPILER_APPICON_NAME = AppIcon;
				INFOPLIST_FILE = PayPassword/Info.plist;
				LD_RUNPATH_SEARCH_PATHS = "$(inherited) @executable_path/Frameworks";
				PRODUCT_BUNDLE_IDENTIFIER = com.aiyakeji.PayPassword;
				PRODUCT_NAME = "$(TARGET_NAME)";
			};
			name = Release;
		};
/* End XCBuildConfiguration section */

/* Begin XCConfigurationList section */
		FDA8E2571E30BC3D009224F3 /* Build configuration list for PBXProject "PayPassword" */ = {
			isa = XCConfigurationList;
			buildConfigurations = (
				FDA8E2711E30BC3D009224F3 /* Debug */,
				FDA8E2721E30BC3D009224F3 /* Release */,
			);
			defaultConfigurationIsVisible = 0;
			defaultConfigurationName = Release;
		};
		FDA8E2731E30BC3D009224F3 /* Build configuration list for PBXNativeTarget "PayPassword" */ = {
			isa = XCConfigurationList;
			buildConfigurations = (
				FDA8E2741E30BC3D009224F3 /* Debug */,
				FDA8E2751E30BC3D009224F3 /* Release */,
			);
			defaultConfigurationIsVisible = 0;
			defaultConfigurationName = Release;
		};
/* End XCConfigurationList section */
	};
	rootObject = FDA8E2541E30BC3D009224F3 /* Project object */;
}
